
Microsoft Visual Studio Solution File, Format Version 12.00
# Visual Studio Version 17
VisualStudioVersion = 17.14.36301.6 d17.14
MinimumVisualStudioVersion = 10.0.40219.1
Project("{FAE04EC0-301F-11D3-BF4B-00C04F79EFBC}") = "Ej2", "Ej2\Ej2.csproj", "{839DF268-C2B3-4DD6-AE66-A92F99BE354B}"
EndProject
Global
	GlobalSection(SolutionConfigurationPlatforms) = preSolution
		Debug|Any CPU = Debug|Any CPU
		Release|Any CPU = Release|Any CPU
	EndGlobalSection
	GlobalSection(ProjectConfigurationPlatforms) = postSolution
		{839DF268-C2B3-4DD6-AE66-A92F99BE354B}.Debug|Any CPU.ActiveCfg = Debug|Any CPU
		{839DF268-C2B3-4DD6-AE66-A92F99BE354B}.Debug|Any CPU.Build.0 = Debug|Any CPU
		{839DF268-C2B3-4DD6-AE66-A92F99BE354B}.Release|Any CPU.ActiveCfg = Release|Any CPU
		{839DF268-C2B3-4DD6-AE66-A92F99BE354B}.Release|Any CPU.Build.0 = Release|Any CPU
	EndGlobalSection
	GlobalSection(SolutionProperties) = preSolution
		HideSolutionNode = FALSE
	EndGlobalSection
	GlobalSection(ExtensibilityGlobals) = postSolution
		SolutionGuid = {CBB61C6E-839A-4143-B087-52D547D668FE}
	EndGlobalSection
EndGlobal
