
Microsoft Visual Studio Solution File, Format Version 12.00
# Visual Studio Version 17
VisualStudioVersion = 17.14.36301.6 d17.14
MinimumVisualStudioVersion = 10.0.40219.1
Project("{FAE04EC0-301F-11D3-BF4B-00C04F79EFBC}") = "Ej1", "Ej1\Ej1.csproj", "{DA451E49-CDDC-4967-9E78-0BBBEE595253}"
EndProject
Global
	GlobalSection(SolutionConfigurationPlatforms) = preSolution
		Debug|Any CPU = Debug|Any CPU
		Release|Any CPU = Release|Any CPU
	EndGlobalSection
	GlobalSection(ProjectConfigurationPlatforms) = postSolution
		{DA451E49-CDDC-4967-9E78-0BBBEE595253}.Debug|Any CPU.ActiveCfg = Debug|Any CPU
		{DA451E49-CDDC-4967-9E78-0BBBEE595253}.Debug|Any CPU.Build.0 = Debug|Any CPU
		{DA451E49-CDDC-4967-9E78-0BBBEE595253}.Release|Any CPU.ActiveCfg = Release|Any CPU
		{DA451E49-CDDC-4967-9E78-0BBBEE595253}.Release|Any CPU.Build.0 = Release|Any CPU
	EndGlobalSection
	GlobalSection(SolutionProperties) = preSolution
		HideSolutionNode = FALSE
	EndGlobalSection
	GlobalSection(ExtensibilityGlobals) = postSolution
		SolutionGuid = {59E6F06D-FB7F-4D76-ABC5-4C6D7162B87E}
	EndGlobalSection
EndGlobal
